
Microsoft Visual Studio Solution File, Format Version 12.00
# Visual Studio Version 16
VisualStudioVersion = 16.0.30002.166
MinimumVisualStudioVersion = 10.0.40219.1
Project("{FAE04EC0-301F-11D3-BF4B-00C04F79EFBC}") = "Atelier_08", "Atelier_08\Atelier_08.csproj", "{5E18C006-C45C-4EA2-B3D3-2D9133C4122F}"
EndProject
Global
	GlobalSection(SolutionConfigurationPlatforms) = preSolution
		Debug|Any CPU = Debug|Any CPU
		Release|Any CPU = Release|Any CPU
	EndGlobalSection
	GlobalSection(ProjectConfigurationPlatforms) = postSolution
		{5E18C006-C45C-4EA2-B3D3-2D9133C4122F}.Debug|Any CPU.ActiveCfg = Debug|Any CPU
		{5E18C006-C45C-4EA2-B3D3-2D9133C4122F}.Debug|Any CPU.Build.0 = Debug|Any CPU
		{5E18C006-C45C-4EA2-B3D3-2D9133C4122F}.Release|Any CPU.ActiveCfg = Release|Any CPU
		{5E18C006-C45C-4EA2-B3D3-2D9133C4122F}.Release|Any CPU.Build.0 = Release|Any CPU
	EndGlobalSection
	GlobalSection(SolutionProperties) = preSolution
		HideSolutionNode = FALSE
	EndGlobalSection
	GlobalSection(ExtensibilityGlobals) = postSolution
		SolutionGuid = {23FDD5F7-D7D6-43F7-82EC-77BB1923A0AB}
	EndGlobalSection
EndGlobal
