
Microsoft Visual Studio Solution File, Format Version 12.00
# Visual Studio Version 16
VisualStudioVersion = 16.0.30002.166
MinimumVisualStudioVersion = 10.0.40219.1
Project("{FAE04EC0-301F-11D3-BF4B-00C04F79EFBC}") = "Atelier 14", "Atelier 14\Atelier 14.csproj", "{499CCA36-E05F-4E5A-A9D1-2DF493BC5065}"
EndProject
Global
	GlobalSection(SolutionConfigurationPlatforms) = preSolution
		Debug|Any CPU = Debug|Any CPU
		Release|Any CPU = Release|Any CPU
	EndGlobalSection
	GlobalSection(ProjectConfigurationPlatforms) = postSolution
		{499CCA36-E05F-4E5A-A9D1-2DF493BC5065}.Debug|Any CPU.ActiveCfg = Debug|Any CPU
		{499CCA36-E05F-4E5A-A9D1-2DF493BC5065}.Debug|Any CPU.Build.0 = Debug|Any CPU
		{499CCA36-E05F-4E5A-A9D1-2DF493BC5065}.Release|Any CPU.ActiveCfg = Release|Any CPU
		{499CCA36-E05F-4E5A-A9D1-2DF493BC5065}.Release|Any CPU.Build.0 = Release|Any CPU
	EndGlobalSection
	GlobalSection(SolutionProperties) = preSolution
		HideSolutionNode = FALSE
	EndGlobalSection
	GlobalSection(ExtensibilityGlobals) = postSolution
		SolutionGuid = {0129FF38-C856-488E-993E-D42EC92F8DB6}
	EndGlobalSection
EndGlobal
