
Microsoft Visual Studio Solution File, Format Version 12.00
# Visual Studio Version 16
VisualStudioVersion = 16.0.29911.84
MinimumVisualStudioVersion = 10.0.40219.1
Project("{FAE04EC0-301F-11D3-BF4B-00C04F79EFBC}") = "Atelier10_ControeldeSaisie", "Atelier10_ControeldeSaisie\Atelier10_ControeldeSaisie.csproj", "{610A276D-CC73-4AAE-846A-480E48A3B48B}"
EndProject
Global
	GlobalSection(SolutionConfigurationPlatforms) = preSolution
		Debug|Any CPU = Debug|Any CPU
		Release|Any CPU = Release|Any CPU
	EndGlobalSection
	GlobalSection(ProjectConfigurationPlatforms) = postSolution
		{610A276D-CC73-4AAE-846A-480E48A3B48B}.Debug|Any CPU.ActiveCfg = Debug|Any CPU
		{610A276D-CC73-4AAE-846A-480E48A3B48B}.Debug|Any CPU.Build.0 = Debug|Any CPU
		{610A276D-CC73-4AAE-846A-480E48A3B48B}.Release|Any CPU.ActiveCfg = Release|Any CPU
		{610A276D-CC73-4AAE-846A-480E48A3B48B}.Release|Any CPU.Build.0 = Release|Any CPU
	EndGlobalSection
	GlobalSection(SolutionProperties) = preSolution
		HideSolutionNode = FALSE
	EndGlobalSection
	GlobalSection(ExtensibilityGlobals) = postSolution
		SolutionGuid = {48AF4603-6854-42AD-B94E-59E76E012353}
	EndGlobalSection
EndGlobal
