
Microsoft Visual Studio Solution File, Format Version 12.00
# Visual Studio Version 16
VisualStudioVersion = 16.0.29911.84
MinimumVisualStudioVersion = 10.0.40219.1
Project("{FAE04EC0-301F-11D3-BF4B-00C04F79EFBC}") = "Atelier 15", "Atelier 15\Atelier 15.csproj", "{F0D08E95-6F3F-4938-8F6D-C2C02B2CD235}"
EndProject
Global
	GlobalSection(SolutionConfigurationPlatforms) = preSolution
		Debug|Any CPU = Debug|Any CPU
		Release|Any CPU = Release|Any CPU
	EndGlobalSection
	GlobalSection(ProjectConfigurationPlatforms) = postSolution
		{F0D08E95-6F3F-4938-8F6D-C2C02B2CD235}.Debug|Any CPU.ActiveCfg = Debug|Any CPU
		{F0D08E95-6F3F-4938-8F6D-C2C02B2CD235}.Debug|Any CPU.Build.0 = Debug|Any CPU
		{F0D08E95-6F3F-4938-8F6D-C2C02B2CD235}.Release|Any CPU.ActiveCfg = Release|Any CPU
		{F0D08E95-6F3F-4938-8F6D-C2C02B2CD235}.Release|Any CPU.Build.0 = Release|Any CPU
	EndGlobalSection
	GlobalSection(SolutionProperties) = preSolution
		HideSolutionNode = FALSE
	EndGlobalSection
	GlobalSection(ExtensibilityGlobals) = postSolution
		SolutionGuid = {8DE9C75B-A326-46A0-98CF-745627C3C572}
	EndGlobalSection
EndGlobal
