
Microsoft Visual Studio Solution File, Format Version 12.00
# Visual Studio Version 16
VisualStudioVersion = 16.0.30002.166
MinimumVisualStudioVersion = 10.0.40219.1
Project("{FAE04EC0-301F-11D3-BF4B-00C04F79EFBC}") = "Atelier _13", "Atelier _13\Atelier _13.csproj", "{C53C3243-DC70-4EAE-B816-031EAB55C4E8}"
EndProject
Global
	GlobalSection(SolutionConfigurationPlatforms) = preSolution
		Debug|Any CPU = Debug|Any CPU
		Release|Any CPU = Release|Any CPU
	EndGlobalSection
	GlobalSection(ProjectConfigurationPlatforms) = postSolution
		{C53C3243-DC70-4EAE-B816-031EAB55C4E8}.Debug|Any CPU.ActiveCfg = Debug|Any CPU
		{C53C3243-DC70-4EAE-B816-031EAB55C4E8}.Debug|Any CPU.Build.0 = Debug|Any CPU
		{C53C3243-DC70-4EAE-B816-031EAB55C4E8}.Release|Any CPU.ActiveCfg = Release|Any CPU
		{C53C3243-DC70-4EAE-B816-031EAB55C4E8}.Release|Any CPU.Build.0 = Release|Any CPU
	EndGlobalSection
	GlobalSection(SolutionProperties) = preSolution
		HideSolutionNode = FALSE
	EndGlobalSection
	GlobalSection(ExtensibilityGlobals) = postSolution
		SolutionGuid = {2A7D4ED3-9360-4602-AA87-606B665704C4}
	EndGlobalSection
EndGlobal
