
Microsoft Visual Studio Solution File, Format Version 12.00
# Visual Studio Version 16
VisualStudioVersion = 16.0.30002.166
MinimumVisualStudioVersion = 10.0.40219.1
Project("{FAE04EC0-301F-11D3-BF4B-00C04F79EFBC}") = "Atelier10_Croisiere", "Atelier10_Croisiere\Atelier10_Croisiere.csproj", "{EAB6C515-9533-49AF-92A0-682C0692C8D9}"
EndProject
Global
	GlobalSection(SolutionConfigurationPlatforms) = preSolution
		Debug|Any CPU = Debug|Any CPU
		Release|Any CPU = Release|Any CPU
	EndGlobalSection
	GlobalSection(ProjectConfigurationPlatforms) = postSolution
		{EAB6C515-9533-49AF-92A0-682C0692C8D9}.Debug|Any CPU.ActiveCfg = Debug|Any CPU
		{EAB6C515-9533-49AF-92A0-682C0692C8D9}.Debug|Any CPU.Build.0 = Debug|Any CPU
		{EAB6C515-9533-49AF-92A0-682C0692C8D9}.Release|Any CPU.ActiveCfg = Release|Any CPU
		{EAB6C515-9533-49AF-92A0-682C0692C8D9}.Release|Any CPU.Build.0 = Release|Any CPU
	EndGlobalSection
	GlobalSection(SolutionProperties) = preSolution
		HideSolutionNode = FALSE
	EndGlobalSection
	GlobalSection(ExtensibilityGlobals) = postSolution
		SolutionGuid = {CB3EFF79-A67B-419A-9C2C-BD7CD9AD7675}
	EndGlobalSection
EndGlobal
