
Microsoft Visual Studio Solution File, Format Version 12.00
# Visual Studio Version 16
VisualStudioVersion = 16.0.30002.166
MinimumVisualStudioVersion = 10.0.40219.1
Project("{FAE04EC0-301F-11D3-BF4B-00C04F79EFBC}") = "Atelier05_CaseAcocher", "Atelier05_CaseAcocher\Atelier05_CaseAcocher.csproj", "{C09EB7D1-48C4-4703-B09A-7AF97E629BED}"
EndProject
Global
	GlobalSection(SolutionConfigurationPlatforms) = preSolution
		Debug|Any CPU = Debug|Any CPU
		Release|Any CPU = Release|Any CPU
	EndGlobalSection
	GlobalSection(ProjectConfigurationPlatforms) = postSolution
		{C09EB7D1-48C4-4703-B09A-7AF97E629BED}.Debug|Any CPU.ActiveCfg = Debug|Any CPU
		{C09EB7D1-48C4-4703-B09A-7AF97E629BED}.Debug|Any CPU.Build.0 = Debug|Any CPU
		{C09EB7D1-48C4-4703-B09A-7AF97E629BED}.Release|Any CPU.ActiveCfg = Release|Any CPU
		{C09EB7D1-48C4-4703-B09A-7AF97E629BED}.Release|Any CPU.Build.0 = Release|Any CPU
	EndGlobalSection
	GlobalSection(SolutionProperties) = preSolution
		HideSolutionNode = FALSE
	EndGlobalSection
	GlobalSection(ExtensibilityGlobals) = postSolution
		SolutionGuid = {AB72AD6F-276E-43F3-8BF2-DA5591EA4C9B}
	EndGlobalSection
EndGlobal
